
Microsoft Visual Studio Solution File, Format Version 12.00
# Visual Studio 15
VisualStudioVersion = 15.0.28010.2016
MinimumVisualStudioVersion = 10.0.40219.1
Project("{9092AA53-FB77-4645-B42D-1CCCA6BD08BD}") = "GetServed", "GetServed\GetServed.njsproj", "{8BB3EA50-D9E1-4220-B614-676F33CC4337}"
EndProject
Global
	GlobalSection(SolutionConfigurationPlatforms) = preSolution
		Debug|Any CPU = Debug|Any CPU
		Release|Any CPU = Release|Any CPU
	EndGlobalSection
	GlobalSection(ProjectConfigurationPlatforms) = postSolution
		{8BB3EA50-D9E1-4220-B614-676F33CC4337}.Debug|Any CPU.ActiveCfg = Debug|Any CPU
		{8BB3EA50-D9E1-4220-B614-676F33CC4337}.Debug|Any CPU.Build.0 = Debug|Any CPU
		{8BB3EA50-D9E1-4220-B614-676F33CC4337}.Release|Any CPU.ActiveCfg = Release|Any CPU
		{8BB3EA50-D9E1-4220-B614-676F33CC4337}.Release|Any CPU.Build.0 = Release|Any CPU
	EndGlobalSection
	GlobalSection(SolutionProperties) = preSolution
		HideSolutionNode = FALSE
	EndGlobalSection
	GlobalSection(ExtensibilityGlobals) = postSolution
		SolutionGuid = {97611E18-20E0-4D7C-9CE1-344BC58DA9E3}
	EndGlobalSection
EndGlobal
